
Microsoft Visual Studio Solution File, Format Version 12.00
# Visual Studio Version 17
VisualStudioVersion = 17.2.32516.85
MinimumVisualStudioVersion = 10.0.40219.1
Project("{FAE04EC0-301F-11D3-BF4B-00C04F79EFBC}") = "dinamik-yatırım_seniorCase", "dinamik-yatırım_seniorCase.csproj", "{199A4C07-7286-46CF-879C-4FA3AC598DC0}"
EndProject
Global
	GlobalSection(SolutionConfigurationPlatforms) = preSolution
		Debug|Any CPU = Debug|Any CPU
		Release|Any CPU = Release|Any CPU
	EndGlobalSection
	GlobalSection(ProjectConfigurationPlatforms) = postSolution
		{199A4C07-7286-46CF-879C-4FA3AC598DC0}.Debug|Any CPU.ActiveCfg = Debug|Any CPU
		{199A4C07-7286-46CF-879C-4FA3AC598DC0}.Debug|Any CPU.Build.0 = Debug|Any CPU
		{199A4C07-7286-46CF-879C-4FA3AC598DC0}.Release|Any CPU.ActiveCfg = Release|Any CPU
		{199A4C07-7286-46CF-879C-4FA3AC598DC0}.Release|Any CPU.Build.0 = Release|Any CPU
	EndGlobalSection
	GlobalSection(SolutionProperties) = preSolution
		HideSolutionNode = FALSE
	EndGlobalSection
	GlobalSection(ExtensibilityGlobals) = postSolution
		SolutionGuid = {4E69A7D3-A35E-4397-A2B2-EE7A209999E8}
	EndGlobalSection
EndGlobal
